NeoBundleLock YouCompleteMe 8f49e9b25c80ccd14d40b17355573a00c885cdc3
NeoBundleLock auto-pairs 73908591025b7064ddd9336da6d84841e6dfd148
NeoBundleLock neobundle.vim dab02f0513dc7f8832cb7c191d43b84982ef34cb
NeoBundleLock nerdtree 3b98a7fcae8f9fff356907171f0406ff8cd28921
NeoBundleLock taglist.vim 53041fbc45398a9af631a20657e109707a455339
NeoBundleLock vim-airline e2a120869ba36da5d26df74fb23ef4052d55b6f0
NeoBundleLock vim-fugitive 0095769029709b531d2505ee6ad9907dd9bd72a0
NeoBundleLock vim-gitgutter 061258e04476c0f9f653a969e640bf03b3659594
NeoBundleLock vim-nerdtree-tabs 0decec122e9bb3e9328b01fa20a9650e79cc6ca7
NeoBundleLock vimshell 3787e52766812d8b99a93ccdda57517bc2a0bab6
